<?xml version="1.0" encoding="utf-8"?>
<Project ToolsVersion="4.0" xmlns="http://schemas.microsoft.com/developer/msbuild/2003">
  <ItemGroup>
    <Filter Include="Source Files">
      <UniqueIdentifier>{4FC737F1-C7A5-4376-A066-2A32D752A2FF}</UniqueIdentifier>
      <Extensions>cpp;c;cc;cxx;def;odl;idl;hpj;bat;asm;asmx</Extensions>
    </Filter>
    <Filter Include="Header Files">
      <UniqueIdentifier>{93995380-89BD-4b04-88EB-625FBE52EBFB}</UniqueIdentifier>
      <Extensions>h;hh;hpp;hxx;hm;inl;inc;xsd</Extensions>
    </Filter>
    <Filter Include="Resource Files">
      <UniqueIdentifier>{67DA6AB6-F800-4c08-8B7A-83BB121AAD01}</UniqueIdentifier>
      <Extensions>rc;ico;cur;bmp;dlg;rc2;rct;bin;rgs;gif;jpg;jpeg;jpe;resx;tiff;tif;png;wav</Extensions>
    </Filter>
  </ItemGroup>
  <ItemGroup>
    <ClCompile Include="include\GraphicPrimitives.cpp">
      <Filter>Source Files</Filter>
    </ClCompile>
    <ClCompile Include="src\Environment.cpp">
      <Filter>Source Files</Filter>
    </ClCompile>
    <ClCompile Include="src\main.cpp">
      <Filter>Source Files</Filter>
    </ClCompile>
    <ClCompile Include="src\Papillon.cpp">
      <Filter>Source Files</Filter>
    </ClCompile>
    <ClCompile Include="src\engines\MyControlEngine.cpp">
      <Filter>Source Files</Filter>
    </ClCompile>
    <ClCompile Include="src\engines\MyGameEngine.cpp">
      <Filter>Source Files</Filter>
    </ClCompile>
    <ClCompile Include="src\engines\MyGraphicEngine.cpp">
      <Filter>Source Files</Filter>
    </ClCompile>
    <ClCompile Include="src\gameitems\Asteroid.cpp">
      <Filter>Source Files</Filter>
    </ClCompile>
    <ClCompile Include="src\gameitems\AsteroidHitBox.cpp">
      <Filter>Source Files</Filter>
    </ClCompile>
    <ClCompile Include="src\gameitems\AverageAsteroid.cpp">
      <Filter>Source Files</Filter>
    </ClCompile>
    <ClCompile Include="src\gameitems\CombatSpacecraft.cpp">
      <Filter>Source Files</Filter>
    </ClCompile>
    <ClCompile Include="src\gameitems\DeathStar.cpp">
      <Filter>Source Files</Filter>
    </ClCompile>
    <ClCompile Include="src\gameitems\DoubleShoot.cpp">
      <Filter>Source Files</Filter>
    </ClCompile>
    <ClCompile Include="src\gameitems\EllipticalAsteroid.cpp">
      <Filter>Source Files</Filter>
    </ClCompile>
    <ClCompile Include="src\gameitems\Enterprise.cpp">
      <Filter>Source Files</Filter>
    </ClCompile>
    <ClCompile Include="src\gameitems\HitBox.cpp">
      <Filter>Source Files</Filter>
    </ClCompile>
    <ClCompile Include="src\gameitems\PenetratingShoot.cpp">
      <Filter>Source Files</Filter>
    </ClCompile>
    <ClCompile Include="src\gameitems\RotatingShoot.cpp">
      <Filter>Source Files</Filter>
    </ClCompile>
    <ClCompile Include="src\gameitems\Serenity.cpp">
      <Filter>Source Files</Filter>
    </ClCompile>
    <ClCompile Include="src\gameitems\Shoot.cpp">
      <Filter>Source Files</Filter>
    </ClCompile>
    <ClCompile Include="src\gameitems\ShootHitBox.cpp">
      <Filter>Source Files</Filter>
    </ClCompile>
    <ClCompile Include="src\gameitems\Spacecraft.cpp">
      <Filter>Source Files</Filter>
    </ClCompile>
    <ClCompile Include="src\gameitems\SpacecraftHitBox.cpp">
      <Filter>Source Files</Filter>
    </ClCompile>
    <ClCompile Include="src\gameitems\SpawnEngine.cpp">
      <Filter>Source Files</Filter>
    </ClCompile>
    <ClCompile Include="src\gameitems\WarpingAsteroid.cpp">
      <Filter>Source Files</Filter>
    </ClCompile>
    <ClCompile Include="src\geometricalitems\GeometricalItem.cpp">
      <Filter>Source Files</Filter>
    </ClCompile>
    <ClCompile Include="src\geometricalitems\Point2D.cpp">
      <Filter>Source Files</Filter>
    </ClCompile>
    <ClCompile Include="src\gui\Board.cpp">
      <Filter>Source Files</Filter>
    </ClCompile>
    <ClCompile Include="src\gui\GraphicalInterface.cpp">
      <Filter>Source Files</Filter>
    </ClCompile>
    <ClCompile Include="src\gui\InterfaceComponent.cpp">
      <Filter>Source Files</Filter>
    </ClCompile>
    <ClCompile Include="src\gui\ItemMenuBuy.cpp">
      <Filter>Source Files</Filter>
    </ClCompile>
    <ClCompile Include="src\gui\MenuBuy.cpp">
      <Filter>Source Files</Filter>
    </ClCompile>
    <ClCompile Include="src\gui\MenuScore.cpp">
      <Filter>Source Files</Filter>
    </ClCompile>
    <ClCompile Include="src\gui\MenuSpacecraft.cpp">
      <Filter>Source Files</Filter>
    </ClCompile>
    <ClCompile Include="src\gui\MenuWarning.cpp">
      <Filter>Source Files</Filter>
    </ClCompile>
  </ItemGroup>
  <ItemGroup>
    <None Include="libwin\glut.def">
      <Filter>Source Files</Filter>
    </None>
    <None Include="ClassDiagram.cd" />
  </ItemGroup>
  <ItemGroup>
    <ClInclude Include="include\Asteroid.h">
      <Filter>Header Files</Filter>
    </ClInclude>
    <ClInclude Include="include\AsteroidHitBox.h">
      <Filter>Header Files</Filter>
    </ClInclude>
    <ClInclude Include="include\AverageAsteroid.h">
      <Filter>Header Files</Filter>
    </ClInclude>
    <ClInclude Include="include\Board.h">
      <Filter>Header Files</Filter>
    </ClInclude>
    <ClInclude Include="include\CombatSpacecraft.h">
      <Filter>Header Files</Filter>
    </ClInclude>
    <ClInclude Include="include\ControlEngine.h">
      <Filter>Header Files</Filter>
    </ClInclude>
    <ClInclude Include="include\DeathStar.h">
      <Filter>Header Files</Filter>
    </ClInclude>
    <ClInclude Include="include\DoubleShoot.h">
      <Filter>Header Files</Filter>
    </ClInclude>
    <ClInclude Include="include\EllipticalAsteroid.h">
      <Filter>Header Files</Filter>
    </ClInclude>
    <ClInclude Include="include\Engine.h">
      <Filter>Header Files</Filter>
    </ClInclude>
    <ClInclude Include="include\Enterprise.h">
      <Filter>Header Files</Filter>
    </ClInclude>
    <ClInclude Include="include\Environment.h">
      <Filter>Header Files</Filter>
    </ClInclude>
    <ClInclude Include="include\GameEngine.h">
      <Filter>Header Files</Filter>
    </ClInclude>
    <ClInclude Include="include\GeometricalItem.h">
      <Filter>Header Files</Filter>
    </ClInclude>
    <ClInclude Include="include\GraphicalInterface.h">
      <Filter>Header Files</Filter>
    </ClInclude>
    <ClInclude Include="include\GraphicEngine.h">
      <Filter>Header Files</Filter>
    </ClInclude>
    <ClInclude Include="include\GraphicPrimitives.h">
      <Filter>Header Files</Filter>
    </ClInclude>
    <ClInclude Include="include\HitBox.h">
      <Filter>Header Files</Filter>
    </ClInclude>
    <ClInclude Include="include\InterfaceComponent.h">
      <Filter>Header Files</Filter>
    </ClInclude>
    <ClInclude Include="include\ItemMenuBuy.h">
      <Filter>Header Files</Filter>
    </ClInclude>
    <ClInclude Include="include\libGraphicInclude.h">
      <Filter>Header Files</Filter>
    </ClInclude>
    <ClInclude Include="include\MenuBuy.h">
      <Filter>Header Files</Filter>
    </ClInclude>
    <ClInclude Include="include\MenuScore.h">
      <Filter>Header Files</Filter>
    </ClInclude>
    <ClInclude Include="include\MenuSpacecraft.h">
      <Filter>Header Files</Filter>
    </ClInclude>
    <ClInclude Include="include\MenuWarning.h">
      <Filter>Header Files</Filter>
    </ClInclude>
    <ClInclude Include="include\MyControlEngine.h">
      <Filter>Header Files</Filter>
    </ClInclude>
    <ClInclude Include="include\MyGameEngine.h">
      <Filter>Header Files</Filter>
    </ClInclude>
    <ClInclude Include="include\MyGraphicEngine.h">
      <Filter>Header Files</Filter>
    </ClInclude>
    <ClInclude Include="include\Papillon.h">
      <Filter>Header Files</Filter>
    </ClInclude>
    <ClInclude Include="include\PenetratingShoot.h">
      <Filter>Header Files</Filter>
    </ClInclude>
    <ClInclude Include="include\Point2D.h">
      <Filter>Header Files</Filter>
    </ClInclude>
    <ClInclude Include="include\RotatingShoot.h">
      <Filter>Header Files</Filter>
    </ClInclude>
    <ClInclude Include="include\Serenity.h">
      <Filter>Header Files</Filter>
    </ClInclude>
    <ClInclude Include="include\Shoot.h">
      <Filter>Header Files</Filter>
    </ClInclude>
    <ClInclude Include="include\ShootHitBox.h">
      <Filter>Header Files</Filter>
    </ClInclude>
    <ClInclude Include="include\Spacecraft.h">
      <Filter>Header Files</Filter>
    </ClInclude>
    <ClInclude Include="include\SpacecraftHitBox.h">
      <Filter>Header Files</Filter>
    </ClInclude>
    <ClInclude Include="include\SpawnEngine.h">
      <Filter>Header Files</Filter>
    </ClInclude>
    <ClInclude Include="include\Stopwatch.h">
      <Filter>Header Files</Filter>
    </ClInclude>
    <ClInclude Include="include\WarpingAsteroid.h">
      <Filter>Header Files</Filter>
    </ClInclude>
    <ClInclude Include="include\gl\glut.h">
      <Filter>Header Files</Filter>
    </ClInclude>
  </ItemGroup>
</Project>